
Microsoft Visual Studio Solution File, Format Version 12.00
# Visual Studio 15
VisualStudioVersion = 15.0.27004.2006
MinimumVisualStudioVersion = 10.0.40219.1
Project("{9A19103F-16F7-4668-BE54-9A1E7A4F7556}") = "Slay.Host", "Slay\Slay.Host.csproj", "{A49FCE01-706A-4604-9CBE-25605F7092D4}"
EndProject
Project("{9A19103F-16F7-4668-BE54-9A1E7A4F7556}") = "Slay.Utilities", "Slay.Utilities\Slay.Utilities.csproj", "{DD29DAFF-04E0-4D44-BC41-B2A8E2734B54}"
EndProject
Project("{9A19103F-16F7-4668-BE54-9A1E7A4F7556}") = "Slay.Services", "Slay.Services\Slay.Services.csproj", "{4686D7C8-7DD9-42C6-86C2-A1C8F4B57E6C}"
EndProject
Project("{9A19103F-16F7-4668-BE54-9A1E7A4F7556}") = "Slay.ServicesContracts", "Slay.ServicesContract\Slay.ServicesContracts.csproj", "{EB721078-CFA3-4A6D-BD65-FFE713DE717A}"
EndProject
Project("{2150E333-8FDC-42A3-9474-1A3956D46DE8}") = ".settings", ".settings", "{A878F5F9-B109-4E8E-82ED-D64A7D0EDC79}"
	ProjectSection(SolutionItems) = preProject
		ReSharperSettings.DotSettings = ReSharperSettings.DotSettings
	EndProjectSection
EndProject
Project("{9A19103F-16F7-4668-BE54-9A1E7A4F7556}") = "Slay.Models", "Slay.Models\Slay.Models.csproj", "{B707479F-BDB4-41DE-9B3D-C141E15B32AB}"
EndProject
Project("{9A19103F-16F7-4668-BE54-9A1E7A4F7556}") = "Slay.Dal", "Slay.Dal\Slay.Dal.csproj", "{1D1683AA-6034-4923-883A-3457AB72BF81}"
EndProject
Project("{9A19103F-16F7-4668-BE54-9A1E7A4F7556}") = "Slay.DalContracts", "Slay.DalContracts\Slay.DalContracts.csproj", "{01A229AF-B15F-4FAC-9D00-B403064A47EA}"
EndProject
Project("{FAE04EC0-301F-11D3-BF4B-00C04F79EFBC}") = "Slay.Host.OAuth.Server", "Slay.Host.OAuth.Server\Slay.Host.OAuth.Server.csproj", "{CE4AD240-5FCB-4D6F-B1D7-96F10DFF4FA8}"
EndProject
Global
	GlobalSection(SolutionConfigurationPlatforms) = preSolution
		Debug|Any CPU = Debug|Any CPU
		Release|Any CPU = Release|Any CPU
	EndGlobalSection
	GlobalSection(ProjectConfigurationPlatforms) = postSolution
		{A49FCE01-706A-4604-9CBE-25605F7092D4}.Debug|Any CPU.ActiveCfg = Debug|Any CPU
		{A49FCE01-706A-4604-9CBE-25605F7092D4}.Debug|Any CPU.Build.0 = Debug|Any CPU
		{A49FCE01-706A-4604-9CBE-25605F7092D4}.Release|Any CPU.ActiveCfg = Release|Any CPU
		{A49FCE01-706A-4604-9CBE-25605F7092D4}.Release|Any CPU.Build.0 = Release|Any CPU
		{DD29DAFF-04E0-4D44-BC41-B2A8E2734B54}.Debug|Any CPU.ActiveCfg = Debug|Any CPU
		{DD29DAFF-04E0-4D44-BC41-B2A8E2734B54}.Debug|Any CPU.Build.0 = Debug|Any CPU
		{DD29DAFF-04E0-4D44-BC41-B2A8E2734B54}.Release|Any CPU.ActiveCfg = Release|Any CPU
		{DD29DAFF-04E0-4D44-BC41-B2A8E2734B54}.Release|Any CPU.Build.0 = Release|Any CPU
		{4686D7C8-7DD9-42C6-86C2-A1C8F4B57E6C}.Debug|Any CPU.ActiveCfg = Debug|Any CPU
		{4686D7C8-7DD9-42C6-86C2-A1C8F4B57E6C}.Debug|Any CPU.Build.0 = Debug|Any CPU
		{4686D7C8-7DD9-42C6-86C2-A1C8F4B57E6C}.Release|Any CPU.ActiveCfg = Release|Any CPU
		{4686D7C8-7DD9-42C6-86C2-A1C8F4B57E6C}.Release|Any CPU.Build.0 = Release|Any CPU
		{EB721078-CFA3-4A6D-BD65-FFE713DE717A}.Debug|Any CPU.ActiveCfg = Debug|Any CPU
		{EB721078-CFA3-4A6D-BD65-FFE713DE717A}.Debug|Any CPU.Build.0 = Debug|Any CPU
		{EB721078-CFA3-4A6D-BD65-FFE713DE717A}.Release|Any CPU.ActiveCfg = Release|Any CPU
		{EB721078-CFA3-4A6D-BD65-FFE713DE717A}.Release|Any CPU.Build.0 = Release|Any CPU
		{B707479F-BDB4-41DE-9B3D-C141E15B32AB}.Debug|Any CPU.ActiveCfg = Debug|Any CPU
		{B707479F-BDB4-41DE-9B3D-C141E15B32AB}.Debug|Any CPU.Build.0 = Debug|Any CPU
		{B707479F-BDB4-41DE-9B3D-C141E15B32AB}.Release|Any CPU.ActiveCfg = Release|Any CPU
		{B707479F-BDB4-41DE-9B3D-C141E15B32AB}.Release|Any CPU.Build.0 = Release|Any CPU
		{1D1683AA-6034-4923-883A-3457AB72BF81}.Debug|Any CPU.ActiveCfg = Debug|Any CPU
		{1D1683AA-6034-4923-883A-3457AB72BF81}.Debug|Any CPU.Build.0 = Debug|Any CPU
		{1D1683AA-6034-4923-883A-3457AB72BF81}.Release|Any CPU.ActiveCfg = Release|Any CPU
		{1D1683AA-6034-4923-883A-3457AB72BF81}.Release|Any CPU.Build.0 = Release|Any CPU
		{01A229AF-B15F-4FAC-9D00-B403064A47EA}.Debug|Any CPU.ActiveCfg = Debug|Any CPU
		{01A229AF-B15F-4FAC-9D00-B403064A47EA}.Debug|Any CPU.Build.0 = Debug|Any CPU
		{01A229AF-B15F-4FAC-9D00-B403064A47EA}.Release|Any CPU.ActiveCfg = Release|Any CPU
		{01A229AF-B15F-4FAC-9D00-B403064A47EA}.Release|Any CPU.Build.0 = Release|Any CPU
		{CE4AD240-5FCB-4D6F-B1D7-96F10DFF4FA8}.Debug|Any CPU.ActiveCfg = Debug|Any CPU
		{CE4AD240-5FCB-4D6F-B1D7-96F10DFF4FA8}.Debug|Any CPU.Build.0 = Debug|Any CPU
		{CE4AD240-5FCB-4D6F-B1D7-96F10DFF4FA8}.Release|Any CPU.ActiveCfg = Release|Any CPU
		{CE4AD240-5FCB-4D6F-B1D7-96F10DFF4FA8}.Release|Any CPU.Build.0 = Release|Any CPU
	EndGlobalSection
	GlobalSection(SolutionProperties) = preSolution
		HideSolutionNode = FALSE
	EndGlobalSection
	GlobalSection(ExtensibilityGlobals) = postSolution
		SolutionGuid = {5F633B68-1515-474D-9ACC-FC9413F0BCCD}
	EndGlobalSection
EndGlobal
