
Microsoft Visual Studio Solution File, Format Version 12.00
# Visual Studio 15
VisualStudioVersion = 15.0.27004.2006
MinimumVisualStudioVersion = 10.0.40219.1
Project("{9A19103F-16F7-4668-BE54-9A1E7A4F7556}") = "Slay.Host", "Slay\Slay.Host.csproj", "{A49FCE01-706A-4604-9CBE-25605F7092D4}"
EndProject
Project("{9A19103F-16F7-4668-BE54-9A1E7A4F7556}") = "Slay.Utilities", "Slay.Utilities\Slay.Utilities.csproj", "{DD29DAFF-04E0-4D44-BC41-B2A8E2734B54}"
EndProject
Project("{2150E333-8FDC-42A3-9474-1A3956D46DE8}") = ".settings", ".settings", "{A878F5F9-B109-4E8E-82ED-D64A7D0EDC79}"
	ProjectSection(SolutionItems) = preProject
		ReSharperSettings.DotSettings = ReSharperSettings.DotSettings
	EndProjectSection
EndProject
Project("{9A19103F-16F7-4668-BE54-9A1E7A4F7556}") = "Slay.Models", "Slay.Models\Slay.Models.csproj", "{B707479F-BDB4-41DE-9B3D-C141E15B32AB}"
EndProject
Project("{9A19103F-16F7-4668-BE54-9A1E7A4F7556}") = "Slay.Dal", "Slay.Dal\Slay.Dal.csproj", "{1D1683AA-6034-4923-883A-3457AB72BF81}"
EndProject
Project("{9A19103F-16F7-4668-BE54-9A1E7A4F7556}") = "Slay.DalContracts", "Slay.DalContracts\Slay.DalContracts.csproj", "{01A229AF-B15F-4FAC-9D00-B403064A47EA}"
EndProject
Project("{9A19103F-16F7-4668-BE54-9A1E7A4F7556}") = "Slay.Host.OAuth.Server", "Slay.Host.OAuth.Server\Slay.Host.OAuth.Server.csproj", "{CE4AD240-5FCB-4D6F-B1D7-96F10DFF4FA8}"
EndProject
Project("{9A19103F-16F7-4668-BE54-9A1E7A4F7556}") = "Slay.Business.Services", "Slay.Business.Services\Slay.Business.Services.csproj", "{8BA93953-398C-444D-929B-285870D8DF55}"
EndProject
Project("{9A19103F-16F7-4668-BE54-9A1E7A4F7556}") = "Slay.Business.ServicesContracts", "Slay.Business.ServicesContract\Slay.Business.ServicesContracts.csproj", "{FCADB486-B1A6-46BD-A907-BC3F022803AF}"
EndProject
Project("{9A19103F-16F7-4668-BE54-9A1E7A4F7556}") = "Slay.Email.Services", "Slay.Email.Services\Slay.Email.Services.csproj", "{2C2E15E1-A439-4891-A573-53F500B1E220}"
EndProject
Project("{9A19103F-16F7-4668-BE54-9A1E7A4F7556}") = "Slay.Email.ServicesContracts", "Slay.Email.ServicesContracts\Slay.Email.ServicesContracts.csproj", "{43F8F681-978F-4082-BBF3-C6CF67BA10A4}"
EndProject
Project("{FAE04EC0-301F-11D3-BF4B-00C04F79EFBC}") = "Slay.Identity.Services", "Slay.Identity.Services\Slay.Identity.Services.csproj", "{46631890-1A6E-40BD-8383-DFA4BC9E5F44}"
EndProject
Project("{FAE04EC0-301F-11D3-BF4B-00C04F79EFBC}") = "Slay.Identity.ServicesContracts", "Slay.Identity.ServicesContracts\Slay.Identity.ServicesContracts.csproj", "{A3B0AF20-82DC-4C25-81DF-172FAD2F60EB}"
EndProject
Global
	GlobalSection(SolutionConfigurationPlatforms) = preSolution
		Debug|Any CPU = Debug|Any CPU
		Release|Any CPU = Release|Any CPU
	EndGlobalSection
	GlobalSection(ProjectConfigurationPlatforms) = postSolution
		{A49FCE01-706A-4604-9CBE-25605F7092D4}.Debug|Any CPU.ActiveCfg = Debug|Any CPU
		{A49FCE01-706A-4604-9CBE-25605F7092D4}.Debug|Any CPU.Build.0 = Debug|Any CPU
		{A49FCE01-706A-4604-9CBE-25605F7092D4}.Release|Any CPU.ActiveCfg = Release|Any CPU
		{A49FCE01-706A-4604-9CBE-25605F7092D4}.Release|Any CPU.Build.0 = Release|Any CPU
		{DD29DAFF-04E0-4D44-BC41-B2A8E2734B54}.Debug|Any CPU.ActiveCfg = Debug|Any CPU
		{DD29DAFF-04E0-4D44-BC41-B2A8E2734B54}.Debug|Any CPU.Build.0 = Debug|Any CPU
		{DD29DAFF-04E0-4D44-BC41-B2A8E2734B54}.Release|Any CPU.ActiveCfg = Release|Any CPU
		{DD29DAFF-04E0-4D44-BC41-B2A8E2734B54}.Release|Any CPU.Build.0 = Release|Any CPU
		{B707479F-BDB4-41DE-9B3D-C141E15B32AB}.Debug|Any CPU.ActiveCfg = Debug|Any CPU
		{B707479F-BDB4-41DE-9B3D-C141E15B32AB}.Debug|Any CPU.Build.0 = Debug|Any CPU
		{B707479F-BDB4-41DE-9B3D-C141E15B32AB}.Release|Any CPU.ActiveCfg = Release|Any CPU
		{B707479F-BDB4-41DE-9B3D-C141E15B32AB}.Release|Any CPU.Build.0 = Release|Any CPU
		{1D1683AA-6034-4923-883A-3457AB72BF81}.Debug|Any CPU.ActiveCfg = Debug|Any CPU
		{1D1683AA-6034-4923-883A-3457AB72BF81}.Debug|Any CPU.Build.0 = Debug|Any CPU
		{1D1683AA-6034-4923-883A-3457AB72BF81}.Release|Any CPU.ActiveCfg = Release|Any CPU
		{1D1683AA-6034-4923-883A-3457AB72BF81}.Release|Any CPU.Build.0 = Release|Any CPU
		{01A229AF-B15F-4FAC-9D00-B403064A47EA}.Debug|Any CPU.ActiveCfg = Debug|Any CPU
		{01A229AF-B15F-4FAC-9D00-B403064A47EA}.Debug|Any CPU.Build.0 = Debug|Any CPU
		{01A229AF-B15F-4FAC-9D00-B403064A47EA}.Release|Any CPU.ActiveCfg = Release|Any CPU
		{01A229AF-B15F-4FAC-9D00-B403064A47EA}.Release|Any CPU.Build.0 = Release|Any CPU
		{CE4AD240-5FCB-4D6F-B1D7-96F10DFF4FA8}.Debug|Any CPU.ActiveCfg = Debug|Any CPU
		{CE4AD240-5FCB-4D6F-B1D7-96F10DFF4FA8}.Debug|Any CPU.Build.0 = Debug|Any CPU
		{CE4AD240-5FCB-4D6F-B1D7-96F10DFF4FA8}.Release|Any CPU.ActiveCfg = Release|Any CPU
		{CE4AD240-5FCB-4D6F-B1D7-96F10DFF4FA8}.Release|Any CPU.Build.0 = Release|Any CPU
		{8BA93953-398C-444D-929B-285870D8DF55}.Debug|Any CPU.ActiveCfg = Debug|Any CPU
		{8BA93953-398C-444D-929B-285870D8DF55}.Debug|Any CPU.Build.0 = Debug|Any CPU
		{8BA93953-398C-444D-929B-285870D8DF55}.Release|Any CPU.ActiveCfg = Release|Any CPU
		{8BA93953-398C-444D-929B-285870D8DF55}.Release|Any CPU.Build.0 = Release|Any CPU
		{FCADB486-B1A6-46BD-A907-BC3F022803AF}.Debug|Any CPU.ActiveCfg = Debug|Any CPU
		{FCADB486-B1A6-46BD-A907-BC3F022803AF}.Debug|Any CPU.Build.0 = Debug|Any CPU
		{FCADB486-B1A6-46BD-A907-BC3F022803AF}.Release|Any CPU.ActiveCfg = Release|Any CPU
		{FCADB486-B1A6-46BD-A907-BC3F022803AF}.Release|Any CPU.Build.0 = Release|Any CPU
		{2C2E15E1-A439-4891-A573-53F500B1E220}.Debug|Any CPU.ActiveCfg = Debug|Any CPU
		{2C2E15E1-A439-4891-A573-53F500B1E220}.Debug|Any CPU.Build.0 = Debug|Any CPU
		{2C2E15E1-A439-4891-A573-53F500B1E220}.Release|Any CPU.ActiveCfg = Release|Any CPU
		{2C2E15E1-A439-4891-A573-53F500B1E220}.Release|Any CPU.Build.0 = Release|Any CPU
		{43F8F681-978F-4082-BBF3-C6CF67BA10A4}.Debug|Any CPU.ActiveCfg = Debug|Any CPU
		{43F8F681-978F-4082-BBF3-C6CF67BA10A4}.Debug|Any CPU.Build.0 = Debug|Any CPU
		{43F8F681-978F-4082-BBF3-C6CF67BA10A4}.Release|Any CPU.ActiveCfg = Release|Any CPU
		{43F8F681-978F-4082-BBF3-C6CF67BA10A4}.Release|Any CPU.Build.0 = Release|Any CPU
		{46631890-1A6E-40BD-8383-DFA4BC9E5F44}.Debug|Any CPU.ActiveCfg = Debug|Any CPU
		{46631890-1A6E-40BD-8383-DFA4BC9E5F44}.Debug|Any CPU.Build.0 = Debug|Any CPU
		{46631890-1A6E-40BD-8383-DFA4BC9E5F44}.Release|Any CPU.ActiveCfg = Release|Any CPU
		{46631890-1A6E-40BD-8383-DFA4BC9E5F44}.Release|Any CPU.Build.0 = Release|Any CPU
		{A3B0AF20-82DC-4C25-81DF-172FAD2F60EB}.Debug|Any CPU.ActiveCfg = Debug|Any CPU
		{A3B0AF20-82DC-4C25-81DF-172FAD2F60EB}.Debug|Any CPU.Build.0 = Debug|Any CPU
		{A3B0AF20-82DC-4C25-81DF-172FAD2F60EB}.Release|Any CPU.ActiveCfg = Release|Any CPU
		{A3B0AF20-82DC-4C25-81DF-172FAD2F60EB}.Release|Any CPU.Build.0 = Release|Any CPU
	EndGlobalSection
	GlobalSection(SolutionProperties) = preSolution
		HideSolutionNode = FALSE
	EndGlobalSection
	GlobalSection(ExtensibilityGlobals) = postSolution
		SolutionGuid = {5F633B68-1515-474D-9ACC-FC9413F0BCCD}
	EndGlobalSection
EndGlobal
